
Microsoft Visual Studio Solution File, Format Version 12.00
# Visual Studio Version 17
VisualStudioVersion = 17.0.31919.166
MinimumVisualStudioVersion = 10.0.40219.1
Project("{9A19103F-16F7-4668-BE54-9A1E7A4F7556}") = "JasperGreen18", "JasperGreen18.csproj", "{43D62D9F-524C-406A-82C3-285B5A623543}"
EndProject
Global
	GlobalSection(SolutionConfigurationPlatforms) = preSolution
		Debug|Any CPU = Debug|Any CPU
		Release|Any CPU = Release|Any CPU
	EndGlobalSection
	GlobalSection(ProjectConfigurationPlatforms) = postSolution
		{43D62D9F-524C-406A-82C3-285B5A623543}.Debug|Any CPU.ActiveCfg = Debug|Any CPU
		{43D62D9F-524C-406A-82C3-285B5A623543}.Debug|Any CPU.Build.0 = Debug|Any CPU
		{43D62D9F-524C-406A-82C3-285B5A623543}.Release|Any CPU.ActiveCfg = Release|Any CPU
		{43D62D9F-524C-406A-82C3-285B5A623543}.Release|Any CPU.Build.0 = Release|Any CPU
	EndGlobalSection
	GlobalSection(SolutionProperties) = preSolution
		HideSolutionNode = FALSE
	EndGlobalSection
	GlobalSection(ExtensibilityGlobals) = postSolution
		SolutionGuid = {BA5AE984-578B-4DE0-8479-98AE6E4BB4C5}
	EndGlobalSection
EndGlobal
